// !$*UTF8*$!
{
	archiveVersion = 1;
	classes = {
	};
	objectVersion = 46;
	objects = {

/* Begin PBXBuildFile section */
		BA2F38091C8D86BD000126B6 /* MBProgressHUD.m in Sources */ = {isa = PBXBuildFile; fileRef = BA2F38081C8D86BD000126B6 /* MBProgressHUD.m */; };
		BA2F38161C8DC139000126B6 /* DPCollectionViewCell.m in Sources */ = {isa = PBXBuildFile; fileRef = BA2F380F1C8DC139000126B6 /* DPCollectionViewCell.m */; };
		BA54FCC11C89575A0022F13F /* ImageCollectionViewCell.m in Sources */ = {isa = PBXBuildFile; fileRef = BA54FCC01C89575A0022F13F /* ImageCollectionViewCell.m */; };
		BA54FCC31C895F6C0022F13F /* imageplace.png in Resources */ = {isa = PBXBuildFile; fileRef = BA54FCC21C895F6C0022F13F /* imageplace.png */; };
		BA9BBE321C859617002EFC1F /* BeaconsViewController.m in Sources */ = {isa = PBXBuildFile; fileRef = BA9BBE311C859617002EFC1F /* BeaconsViewController.m */; };
		BA9BBE351C85A32B002EFC1F /* AddBeaconsDetailViewController.m in Sources */ = {isa = PBXBuildFile; fileRef = BA9BBE341C85A32B002EFC1F /* AddBeaconsDetailViewController.m */; };
		BA9BBE381C85B28B002EFC1F /* CloudKit.framework in Frameworks */ = {isa = PBXBuildFile; fileRef = BA9BBE371C85B28B002EFC1F /* CloudKit.framework */; };
		BA9BBE3B1C85CACA002EFC1F /* BeaconsInformation.m in Sources */ = {isa = PBXBuildFile; fileRef = BA9BBE3A1C85CACA002EFC1F /* BeaconsInformation.m */; };
		BA9BBE3F1C85D1C9002EFC1F /* Beacon1.png in Resources */ = {isa = PBXBuildFile; fileRef = BA9BBE3C1C85D1C9002EFC1F /* Beacon1.png */; };
		BA9BBE401C85D1C9002EFC1F /* Beacon2.png in Resources */ = {isa = PBXBuildFile; fileRef = BA9BBE3D1C85D1C9002EFC1F /* Beacon2.png */; };
		BA9BBE411C85D1C9002EFC1F /* Beacon3.png in Resources */ = {isa = PBXBuildFile; fileRef = BA9BBE3E1C85D1C9002EFC1F /* Beacon3.png */; };
		C9AF590017F5678D00792F91 /* Foundation.framework in Frameworks */ = {isa = PBXBuildFile; fileRef = C9AF58FF17F5678D00792F91 /* Foundation.framework */; };
		C9AF590217F5678D00792F91 /* CoreGraphics.framework in Frameworks */ = {isa = PBXBuildFile; fileRef = C9AF590117F5678D00792F91 /* CoreGraphics.framework */; };
		C9AF590417F5678D00792F91 /* UIKit.framework in Frameworks */ = {isa = PBXBuildFile; fileRef = C9AF590317F5678D00792F91 /* UIKit.framework */; };
		C9AF590A17F5678D00792F91 /* InfoPlist.strings in Resources */ = {isa = PBXBuildFile; fileRef = C9AF590817F5678D00792F91 /* InfoPlist.strings */; };
		C9AF590C17F5678D00792F91 /* main.m in Sources */ = {isa = PBXBuildFile; fileRef = C9AF590B17F5678D00792F91 /* main.m */; };
		C9AF591017F5678D00792F91 /* AppDelegate.m in Sources */ = {isa = PBXBuildFile; fileRef = C9AF590F17F5678D00792F91 /* AppDelegate.m */; };
		C9AF591317F5678D00792F91 /* Main.storyboard in Resources */ = {isa = PBXBuildFile; fileRef = C9AF591117F5678D00792F91 /* Main.storyboard */; };
		C9AF591617F5678D00792F91 /* ViewController.m in Sources */ = {isa = PBXBuildFile; fileRef = C9AF591517F5678D00792F91 /* ViewController.m */; };
		C9AF591817F5678D00792F91 /* Images.xcassets in Resources */ = {isa = PBXBuildFile; fileRef = C9AF591717F5678D00792F91 /* Images.xcassets */; };
		C9AF593517F5679F00792F91 /* CoreLocation.framework in Frameworks */ = {isa = PBXBuildFile; fileRef = C9AF593417F5679F00792F91 /* CoreLocation.framework */; };
		C9AF593717F567A800792F91 /* CoreBluetooth.framework in Frameworks */ = {isa = PBXBuildFile; fileRef = C9AF593617F567A800792F91 /* CoreBluetooth.framework */; };
		C9AF593A17F56B4800792F91 /* ConfigViewController.m in Sources */ = {isa = PBXBuildFile; fileRef = C9AF593917F56B4800792F91 /* ConfigViewController.m */; };
		C9AF593D17F5779200792F91 /* TrackViewController.m in Sources */ = {isa = PBXBuildFile; fileRef = C9AF593C17F5779200792F91 /* TrackViewController.m */; };
		D426C4FF1BAC170C00E73A87 /* LaunchScreen.xib in Resources */ = {isa = PBXBuildFile; fileRef = D426C4FE1BAC170C00E73A87 /* LaunchScreen.xib */; };
		D49962F01B53F26A0065601B /* 4apjabdulkalam.png in Resources */ = {isa = PBXBuildFile; fileRef = D49962EB1B53F26A0065601B /* 4apjabdulkalam.png */; };
		D49962F11B53F26A0065601B /* 3bhagatsingh.png in Resources */ = {isa = PBXBuildFile; fileRef = D49962EC1B53F26A0065601B /* 3bhagatsingh.png */; };
		D49962F21B53F26A0065601B /* 2bose.png in Resources */ = {isa = PBXBuildFile; fileRef = D49962ED1B53F26A0065601B /* 2bose.png */; };
		D49962F31B53F26A0065601B /* 1mahatma.png in Resources */ = {isa = PBXBuildFile; fileRef = D49962EE1B53F26A0065601B /* 1mahatma.png */; };
		D49962F41B53F26A0065601B /* mangalpandey.png in Resources */ = {isa = PBXBuildFile; fileRef = D49962EF1B53F26A0065601B /* mangalpandey.png */; };
		D4E1E3F31BAC087800690D3A /* 1watch.jpg in Resources */ = {isa = PBXBuildFile; fileRef = D4E1E3F01BAC087800690D3A /* 1watch.jpg */; };
		D4E1E3F41BAC087800690D3A /* 2iPhone6S.jpg in Resources */ = {isa = PBXBuildFile; fileRef = D4E1E3F11BAC087800690D3A /* 2iPhone6S.jpg */; };
		D4E1E3F51BAC087800690D3A /* 3macbook.jpg in Resources */ = {isa = PBXBuildFile; fileRef = D4E1E3F21BAC087800690D3A /* 3macbook.jpg */; };
/* End PBXBuildFile section */

/* Begin PBXFileReference section */
		BA2F38071C8D86BD000126B6 /* MBProgressHUD.h */ = {isa = PBXFileReference; fileEncoding = 4; lastKnownFileType = sourcecode.c.h; path = MBProgressHUD.h; sourceTree = "<group>"; };
		BA2F38081C8D86BD000126B6 /* MBProgressHUD.m */ = {isa = PBXFileReference; fileEncoding = 4; lastKnownFileType = sourcecode.c.objc; path = MBProgressHUD.m; sourceTree = "<group>"; };
		BA2F380E1C8DC139000126B6 /* DPCollectionViewCell.h */ = {isa = PBXFileReference; fileEncoding = 4; lastKnownFileType = sourcecode.c.h; path = DPCollectionViewCell.h; sourceTree = "<group>"; };
		BA2F380F1C8DC139000126B6 /* DPCollectionViewCell.m */ = {isa = PBXFileReference; fileEncoding = 4; lastKnownFileType = sourcecode.c.objc; path = DPCollectionViewCell.m; sourceTree = "<group>"; };
		BA54FCBF1C89575A0022F13F /* ImageCollectionViewCell.h */ = {isa = PBXFileReference; fileEncoding = 4; lastKnownFileType = sourcecode.c.h; path = ImageCollectionViewCell.h; sourceTree = "<group>"; };
		BA54FCC01C89575A0022F13F /* ImageCollectionViewCell.m */ = {isa = PBXFileReference; fileEncoding = 4; lastKnownFileType = sourcecode.c.objc; path = ImageCollectionViewCell.m; sourceTree = "<group>"; };
		BA54FCC21C895F6C0022F13F /* imageplace.png */ = {isa = PBXFileReference; lastKnownFileType = image.png; path = imageplace.png; sourceTree = "<group>"; };
		BA9BBE301C859617002EFC1F /* BeaconsViewController.h */ = {isa = PBXFileReference; fileEncoding = 4; lastKnownFileType = sourcecode.c.h; path = BeaconsViewController.h; sourceTree = "<group>"; };
		BA9BBE311C859617002EFC1F /* BeaconsViewController.m */ = {isa = PBXFileReference; fileEncoding = 4; lastKnownFileType = sourcecode.c.objc; path = BeaconsViewController.m; sourceTree = "<group>"; };
		BA9BBE331C85A32B002EFC1F /* AddBeaconsDetailViewController.h */ = {isa = PBXFileReference; fileEncoding = 4; lastKnownFileType = sourcecode.c.h; path = AddBeaconsDetailViewController.h; sourceTree = "<group>"; };
		BA9BBE341C85A32B002EFC1F /* AddBeaconsDetailViewController.m */ = {isa = PBXFileReference; fileEncoding = 4; lastKnownFileType = sourcecode.c.objc; path = AddBeaconsDetailViewController.m; sourceTree = "<group>"; };
		BA9BBE361C85B271002EFC1F /* iBeacons Demo.entitlements */ = {isa = PBXFileReference; lastKnownFileType = text.xml; path = "iBeacons Demo.entitlements"; sourceTree = "<group>"; };
		BA9BBE371C85B28B002EFC1F /* CloudKit.framework */ = {isa = PBXFileReference; lastKnownFileType = wrapper.framework; name = CloudKit.framework; path = System/Library/Frameworks/CloudKit.framework; sourceTree = SDKROOT; };
		BA9BBE391C85CACA002EFC1F /* BeaconsInformation.h */ = {isa = PBXFileReference; fileEncoding = 4; lastKnownFileType = sourcecode.c.h; path = BeaconsInformation.h; sourceTree = "<group>"; };
		BA9BBE3A1C85CACA002EFC1F /* BeaconsInformation.m */ = {isa = PBXFileReference; fileEncoding = 4; lastKnownFileType = sourcecode.c.objc; path = BeaconsInformation.m; sourceTree = "<group>"; };
		BA9BBE3C1C85D1C9002EFC1F /* Beacon1.png */ = {isa = PBXFileReference; lastKnownFileType = image.png; name = Beacon1.png; path = Images.xcassets/Beacon1.imageset/Beacon1.png; sourceTree = "<group>"; };
		BA9BBE3D1C85D1C9002EFC1F /* Beacon2.png */ = {isa = PBXFileReference; lastKnownFileType = image.png; name = Beacon2.png; path = Images.xcassets/Beacon2.imageset/Beacon2.png; sourceTree = "<group>"; };
		BA9BBE3E1C85D1C9002EFC1F /* Beacon3.png */ = {isa = PBXFileReference; lastKnownFileType = image.png; name = Beacon3.png; path = Images.xcassets/Beacon3.imageset/Beacon3.png; sourceTree = "<group>"; };
		C9AF58FC17F5678D00792F91 /* iBeacons Demo.app */ = {isa = PBXFileReference; explicitFileType = wrapper.application; includeInIndex = 0; path = "iBeacons Demo.app"; sourceTree = BUILT_PRODUCTS_DIR; };
		C9AF58FF17F5678D00792F91 /* Foundation.framework */ = {isa = PBXFileReference; lastKnownFileType = wrapper.framework; name = Foundation.framework; path = System/Library/Frameworks/Foundation.framework; sourceTree = SDKROOT; };
		C9AF590117F5678D00792F91 /* CoreGraphics.framework */ = {isa = PBXFileReference; lastKnownFileType = wrapper.framework; name = CoreGraphics.framework; path = System/Library/Frameworks/CoreGraphics.framework; sourceTree = SDKROOT; };
		C9AF590317F5678D00792F91 /* UIKit.framework */ = {isa = PBXFileReference; lastKnownFileType = wrapper.framework; name = UIKit.framework; path = System/Library/Frameworks/UIKit.framework; sourceTree = SDKROOT; };
		C9AF590717F5678D00792F91 /* iBeacons Demo-Info.plist */ = {isa = PBXFileReference; lastKnownFileType = text.plist.xml; path = "iBeacons Demo-Info.plist"; sourceTree = "<group>"; };
		C9AF590917F5678D00792F91 /* en */ = {isa = PBXFileReference; lastKnownFileType = text.plist.strings; name = en; path = en.lproj/InfoPlist.strings; sourceTree = "<group>"; };
		C9AF590B17F5678D00792F91 /* main.m */ = {isa = PBXFileReference; lastKnownFileType = sourcecode.c.objc; path = main.m; sourceTree = "<group>"; };
		C9AF590D17F5678D00792F91 /* iBeacons Demo-Prefix.pch */ = {isa = PBXFileReference; lastKnownFileType = sourcecode.c.h; path = "iBeacons Demo-Prefix.pch"; sourceTree = "<group>"; };
		C9AF590E17F5678D00792F91 /* AppDelegate.h */ = {isa = PBXFileReference; lastKnownFileType = sourcecode.c.h; path = AppDelegate.h; sourceTree = "<group>"; };
		C9AF590F17F5678D00792F91 /* AppDelegate.m */ = {isa = PBXFileReference; lastKnownFileType = sourcecode.c.objc; path = AppDelegate.m; sourceTree = "<group>"; };
		C9AF591217F5678D00792F91 /* Base */ = {isa = PBXFileReference; lastKnownFileType = file.storyboard; name = Base; path = Base.lproj/Main.storyboard; sourceTree = "<group>"; };
		C9AF591417F5678D00792F91 /* ViewController.h */ = {isa = PBXFileReference; lastKnownFileType = sourcecode.c.h; path = ViewController.h; sourceTree = "<group>"; };
		C9AF591517F5678D00792F91 /* ViewController.m */ = {isa = PBXFileReference; lastKnownFileType = sourcecode.c.objc; path = ViewController.m; sourceTree = "<group>"; };
		C9AF591717F5678D00792F91 /* Images.xcassets */ = {isa = PBXFileReference; lastKnownFileType = folder.assetcatalog; path = Images.xcassets; sourceTree = "<group>"; };
		C9AF591E17F5678D00792F91 /* XCTest.framework */ = {isa = PBXFileReference; lastKnownFileType = wrapper.framework; name = XCTest.framework; path = Library/Frameworks/XCTest.framework; sourceTree = DEVELOPER_DIR; };
		C9AF592617F5678D00792F91 /* iBeacons DemoTests-Info.plist */ = {isa = PBXFileReference; lastKnownFileType = text.plist.xml; path = "iBeacons DemoTests-Info.plist"; sourceTree = "<group>"; };
		C9AF592817F5678D00792F91 /* en */ = {isa = PBXFileReference; lastKnownFileType = text.plist.strings; name = en; path = en.lproj/InfoPlist.strings; sourceTree = "<group>"; };
		C9AF592A17F5678D00792F91 /* iBeacons_DemoTests.m */ = {isa = PBXFileReference; lastKnownFileType = sourcecode.c.objc; path = iBeacons_DemoTests.m; sourceTree = "<group>"; };
		C9AF593417F5679F00792F91 /* CoreLocation.framework */ = {isa = PBXFileReference; lastKnownFileType = wrapper.framework; name = CoreLocation.framework; path = System/Library/Frameworks/CoreLocation.framework; sourceTree = SDKROOT; };
		C9AF593617F567A800792F91 /* CoreBluetooth.framework */ = {isa = PBXFileReference; lastKnownFileType = wrapper.framework; name = CoreBluetooth.framework; path = System/Library/Frameworks/CoreBluetooth.framework; sourceTree = SDKROOT; };
		C9AF593817F56B4800792F91 /* ConfigViewController.h */ = {isa = PBXFileReference; fileEncoding = 4; lastKnownFileType = sourcecode.c.h; path = ConfigViewController.h; sourceTree = "<group>"; };
		C9AF593917F56B4800792F91 /* ConfigViewController.m */ = {isa = PBXFileReference; fileEncoding = 4; lastKnownFileType = sourcecode.c.objc; path = ConfigViewController.m; sourceTree = "<group>"; };
		C9AF593B17F5779200792F91 /* TrackViewController.h */ = {isa = PBXFileReference; fileEncoding = 4; lastKnownFileType = sourcecode.c.h; path = TrackViewController.h; sourceTree = "<group>"; };
		C9AF593C17F5779200792F91 /* TrackViewController.m */ = {isa = PBXFileReference; fileEncoding = 4; lastKnownFileType = sourcecode.c.objc; path = TrackViewController.m; sourceTree = "<group>"; };
		D426C4FE1BAC170C00E73A87 /* LaunchScreen.xib */ = {isa = PBXFileReference; fileEncoding = 4; lastKnownFileType = file.xib; path = LaunchScreen.xib; sourceTree = "<group>"; };
		D49962EB1B53F26A0065601B /* 4apjabdulkalam.png */ = {isa = PBXFileReference; lastKnownFileType = image.png; path = 4apjabdulkalam.png; sourceTree = "<group>"; };
		D49962EC1B53F26A0065601B /* 3bhagatsingh.png */ = {isa = PBXFileReference; lastKnownFileType = image.png; path = 3bhagatsingh.png; sourceTree = "<group>"; };
		D49962ED1B53F26A0065601B /* 2bose.png */ = {isa = PBXFileReference; lastKnownFileType = image.png; path = 2bose.png; sourceTree = "<group>"; };
		D49962EE1B53F26A0065601B /* 1mahatma.png */ = {isa = PBXFileReference; lastKnownFileType = image.png; path = 1mahatma.png; sourceTree = "<group>"; };
		D49962EF1B53F26A0065601B /* mangalpandey.png */ = {isa = PBXFileReference; lastKnownFileType = image.png; path = mangalpandey.png; sourceTree = "<group>"; };
		D4E1E3F01BAC087800690D3A /* 1watch.jpg */ = {isa = PBXFileReference; lastKnownFileType = image.jpeg; path = 1watch.jpg; sourceTree = "<group>"; };
		D4E1E3F11BAC087800690D3A /* 2iPhone6S.jpg */ = {isa = PBXFileReference; lastKnownFileType = image.jpeg; path = 2iPhone6S.jpg; sourceTree = "<group>"; };
		D4E1E3F21BAC087800690D3A /* 3macbook.jpg */ = {isa = PBXFileReference; lastKnownFileType = image.jpeg; path = 3macbook.jpg; sourceTree = "<group>"; };
/* End PBXFileReference section */

/* Begin PBXFrameworksBuildPhase section */
		C9AF58F917F5678D00792F91 /* Frameworks */ = {
			isa = PBXFrameworksBuildPhase;
			buildActionMask = 2147483647;
			files = (
				C9AF593717F567A800792F91 /* CoreBluetooth.framework in Frameworks */,
				C9AF593517F5679F00792F91 /* CoreLocation.framework in Frameworks */,
				C9AF590217F5678D00792F91 /* CoreGraphics.framework in Frameworks */,
				BA9BBE381C85B28B002EFC1F /* CloudKit.framework in Frameworks */,
				C9AF590417F5678D00792F91 /* UIKit.framework in Frameworks */,
				C9AF590017F5678D00792F91 /* Foundation.framework in Frameworks */,
			);
			runOnlyForDeploymentPostprocessing = 0;
		};
/* End PBXFrameworksBuildPhase section */

/* Begin PBXGroup section */
		C9AF58F317F5678D00792F91 = {
			isa = PBXGroup;
			children = (
				C9AF590517F5678D00792F91 /* iBeacons Demo */,
				C9AF590617F5678D00792F91 /* Supporting Files */,
				C9AF592417F5678D00792F91 /* iBeacons DemoTests */,
				C9AF58FE17F5678D00792F91 /* Frameworks */,
				C9AF58FD17F5678D00792F91 /* Products */,
			);
			sourceTree = "<group>";
		};
		C9AF58FD17F5678D00792F91 /* Products */ = {
			isa = PBXGroup;
			children = (
				C9AF58FC17F5678D00792F91 /* iBeacons Demo.app */,
			);
			name = Products;
			sourceTree = "<group>";
		};
		C9AF58FE17F5678D00792F91 /* Frameworks */ = {
			isa = PBXGroup;
			children = (
				BA9BBE371C85B28B002EFC1F /* CloudKit.framework */,
				C9AF593617F567A800792F91 /* CoreBluetooth.framework */,
				C9AF593417F5679F00792F91 /* CoreLocation.framework */,
				C9AF58FF17F5678D00792F91 /* Foundation.framework */,
				C9AF590117F5678D00792F91 /* CoreGraphics.framework */,
				C9AF590317F5678D00792F91 /* UIKit.framework */,
				C9AF591E17F5678D00792F91 /* XCTest.framework */,
			);
			name = Frameworks;
			sourceTree = "<group>";
		};
		C9AF590517F5678D00792F91 /* iBeacons Demo */ = {
			isa = PBXGroup;
			children = (
				BA9BBE361C85B271002EFC1F /* iBeacons Demo.entitlements */,
				C9AF590E17F5678D00792F91 /* AppDelegate.h */,
				C9AF590F17F5678D00792F91 /* AppDelegate.m */,
				C9AF591117F5678D00792F91 /* Main.storyboard */,
				C9AF591417F5678D00792F91 /* ViewController.h */,
				C9AF591517F5678D00792F91 /* ViewController.m */,
				C9AF593817F56B4800792F91 /* ConfigViewController.h */,
				C9AF593917F56B4800792F91 /* ConfigViewController.m */,
				C9AF593B17F5779200792F91 /* TrackViewController.h */,
				C9AF593C17F5779200792F91 /* TrackViewController.m */,
				D426C4FE1BAC170C00E73A87 /* LaunchScreen.xib */,
				BA9BBE301C859617002EFC1F /* BeaconsViewController.h */,
				BA9BBE311C859617002EFC1F /* BeaconsViewController.m */,
				BA9BBE331C85A32B002EFC1F /* AddBeaconsDetailViewController.h */,
				BA9BBE341C85A32B002EFC1F /* AddBeaconsDetailViewController.m */,
				BA9BBE391C85CACA002EFC1F /* BeaconsInformation.h */,
				BA9BBE3A1C85CACA002EFC1F /* BeaconsInformation.m */,
				BA54FCBF1C89575A0022F13F /* ImageCollectionViewCell.h */,
				BA54FCC01C89575A0022F13F /* ImageCollectionViewCell.m */,
				BA2F38071C8D86BD000126B6 /* MBProgressHUD.h */,
				BA2F38081C8D86BD000126B6 /* MBProgressHUD.m */,
				BA2F380E1C8DC139000126B6 /* DPCollectionViewCell.h */,
				BA2F380F1C8DC139000126B6 /* DPCollectionViewCell.m */,
			);
			path = "iBeacons Demo";
			sourceTree = "<group>";
		};
		C9AF590617F5678D00792F91 /* Supporting Files */ = {
			isa = PBXGroup;
			children = (
				C9AF591717F5678D00792F91 /* Images.xcassets */,
				BA54FCC21C895F6C0022F13F /* imageplace.png */,
				D4E1E3F11BAC087800690D3A /* 2iPhone6S.jpg */,
				BA9BBE3C1C85D1C9002EFC1F /* Beacon1.png */,
				BA9BBE3D1C85D1C9002EFC1F /* Beacon2.png */,
				BA9BBE3E1C85D1C9002EFC1F /* Beacon3.png */,
				D4E1E3F01BAC087800690D3A /* 1watch.jpg */,
				D4E1E3F21BAC087800690D3A /* 3macbook.jpg */,
				D49962EB1B53F26A0065601B /* 4apjabdulkalam.png */,
				D49962EC1B53F26A0065601B /* 3bhagatsingh.png */,
				D49962ED1B53F26A0065601B /* 2bose.png */,
				D49962EE1B53F26A0065601B /* 1mahatma.png */,
				D49962EF1B53F26A0065601B /* mangalpandey.png */,
				C9AF590717F5678D00792F91 /* iBeacons Demo-Info.plist */,
				C9AF590817F5678D00792F91 /* InfoPlist.strings */,
				C9AF590B17F5678D00792F91 /* main.m */,
				C9AF590D17F5678D00792F91 /* iBeacons Demo-Prefix.pch */,
			);
			name = "Supporting Files";
			path = "iBeacons Demo";
			sourceTree = "<group>";
		};
		C9AF592417F5678D00792F91 /* iBeacons DemoTests */ = {
			isa = PBXGroup;
			children = (
				C9AF592A17F5678D00792F91 /* iBeacons_DemoTests.m */,
				C9AF592517F5678D00792F91 /* Supporting Files */,
			);
			path = "iBeacons DemoTests";
			sourceTree = "<group>";
		};
		C9AF592517F5678D00792F91 /* Supporting Files */ = {
			isa = PBXGroup;
			children = (
				C9AF592617F5678D00792F91 /* iBeacons DemoTests-Info.plist */,
				C9AF592717F5678D00792F91 /* InfoPlist.strings */,
			);
			name = "Supporting Files";
			sourceTree = "<group>";
		};
/* End PBXGroup section */

/* Begin PBXNativeTarget section */
		C9AF58FB17F5678D00792F91 /* iBeacons Demo */ = {
			isa = PBXNativeTarget;
			buildConfigurationList = C9AF592E17F5678D00792F91 /* Build configuration list for PBXNativeTarget "iBeacons Demo" */;
			buildPhases = (
				C9AF58F817F5678D00792F91 /* Sources */,
				C9AF58F917F5678D00792F91 /* Frameworks */,
				C9AF58FA17F5678D00792F91 /* Resources */,
			);
			buildRules = (
			);
			dependencies = (
			);
			name = "iBeacons Demo";
			productName = "iBeacons Demo";
			productReference = C9AF58FC17F5678D00792F91 /* iBeacons Demo.app */;
			productType = "com.apple.product-type.application";
		};
/* End PBXNativeTarget section */

/* Begin PBXProject section */
		C9AF58F417F5678D00792F91 /* Project object */ = {
			isa = PBXProject;
			attributes = {
				LastUpgradeCheck = 0710;
				ORGANIZATIONNAME = Mobient;
				TargetAttributes = {
					C9AF58FB17F5678D00792F91 = {
						DevelopmentTeam = C5QA7FJ674;
						SystemCapabilities = {
							com.apple.BackgroundModes = {
								enabled = 1;
							};
							com.apple.iCloud = {
								enabled = 1;
							};
						};
					};
				};
			};
			buildConfigurationList = C9AF58F717F5678D00792F91 /* Build configuration list for PBXProject "iBeacons Demo" */;
			compatibilityVersion = "Xcode 3.2";
			developmentRegion = English;
			hasScannedForEncodings = 0;
			knownRegions = (
				en,
				Base,
			);
			mainGroup = C9AF58F317F5678D00792F91;
			productRefGroup = C9AF58FD17F5678D00792F91 /* Products */;
			projectDirPath = "";
			projectRoot = "";
			targets = (
				C9AF58FB17F5678D00792F91 /* iBeacons Demo */,
			);
		};
/* End PBXProject section */

/* Begin PBXResourcesBuildPhase section */
		C9AF58FA17F5678D00792F91 /* Resources */ = {
			isa = PBXResourcesBuildPhase;
			buildActionMask = 2147483647;
			files = (
				BA9BBE3F1C85D1C9002EFC1F /* Beacon1.png in Resources */,
				C9AF591817F5678D00792F91 /* Images.xcassets in Resources */,
				D49962F01B53F26A0065601B /* 4apjabdulkalam.png in Resources */,
				D49962F31B53F26A0065601B /* 1mahatma.png in Resources */,
				D4E1E3F31BAC087800690D3A /* 1watch.jpg in Resources */,
				D426C4FF1BAC170C00E73A87 /* LaunchScreen.xib in Resources */,
				D4E1E3F41BAC087800690D3A /* 2iPhone6S.jpg in Resources */,
				D49962F21B53F26A0065601B /* 2bose.png in Resources */,
				BA9BBE411C85D1C9002EFC1F /* Beacon3.png in Resources */,
				BA54FCC31C895F6C0022F13F /* imageplace.png in Resources */,
				D4E1E3F51BAC087800690D3A /* 3macbook.jpg in Resources */,
				D49962F41B53F26A0065601B /* mangalpandey.png in Resources */,
				BA9BBE401C85D1C9002EFC1F /* Beacon2.png in Resources */,
				C9AF590A17F5678D00792F91 /* InfoPlist.strings in Resources */,
				C9AF591317F5678D00792F91 /* Main.storyboard in Resources */,
				D49962F11B53F26A0065601B /* 3bhagatsingh.png in Resources */,
			);
			runOnlyForDeploymentPostprocessing = 0;
		};
/* End PBXResourcesBuildPhase section */

/* Begin PBXSourcesBuildPhase section */
		C9AF58F817F5678D00792F91 /* Sources */ = {
			isa = PBXSourcesBuildPhase;
			buildActionMask = 2147483647;
			files = (
				BA9BBE3B1C85CACA002EFC1F /* BeaconsInformation.m in Sources */,
				C9AF593D17F5779200792F91 /* TrackViewController.m in Sources */,
				C9AF591617F5678D00792F91 /* ViewController.m in Sources */,
				BA9BBE351C85A32B002EFC1F /* AddBeaconsDetailViewController.m in Sources */,
				BA54FCC11C89575A0022F13F /* ImageCollectionViewCell.m in Sources */,
				BA9BBE321C859617002EFC1F /* BeaconsViewController.m in Sources */,
				C9AF591017F5678D00792F91 /* AppDelegate.m in Sources */,
				BA2F38091C8D86BD000126B6 /* MBProgressHUD.m in Sources */,
				C9AF593A17F56B4800792F91 /* ConfigViewController.m in Sources */,
				C9AF590C17F5678D00792F91 /* main.m in Sources */,
				BA2F38161C8DC139000126B6 /* DPCollectionViewCell.m in Sources */,
			);
			runOnlyForDeploymentPostprocessing = 0;
		};
/* End PBXSourcesBuildPhase section */

/* Begin PBXVariantGroup section */
		C9AF590817F5678D00792F91 /* InfoPlist.strings */ = {
			isa = PBXVariantGroup;
			children = (
				C9AF590917F5678D00792F91 /* en */,
			);
			name = InfoPlist.strings;
			sourceTree = "<group>";
		};
		C9AF591117F5678D00792F91 /* Main.storyboard */ = {
			isa = PBXVariantGroup;
			children = (
				C9AF591217F5678D00792F91 /* Base */,
			);
			name = Main.storyboard;
			sourceTree = "<group>";
		};
		C9AF592717F5678D00792F91 /* InfoPlist.strings */ = {
			isa = PBXVariantGroup;
			children = (
				C9AF592817F5678D00792F91 /* en */,
			);
			name = InfoPlist.strings;
			sourceTree = "<group>";
		};
/* End PBXVariantGroup section */

/* Begin XCBuildConfiguration section */
		C9AF592C17F5678D00792F91 /* Debug */ = {
			isa = XCBuildConfiguration;
			buildSettings = {
				ALWAYS_SEARCH_USER_PATHS = NO;
				CLANG_CXX_LANGUAGE_STANDARD = "gnu++0x";
				CLANG_CXX_LIBRARY = "libc++";
				CLANG_ENABLE_MODULES = YES;
				CLANG_ENABLE_OBJC_ARC = YES;
				CLANG_WARN_BOOL_CONVERSION = YES;
				CLANG_WARN_CONSTANT_CONVERSION = YES;
				CLANG_WARN_DIRECT_OBJC_ISA_USAGE = YES_ERROR;
				CLANG_WARN_EMPTY_BODY = YES;
				CLANG_WARN_ENUM_CONVERSION = YES;
				CLANG_WARN_INT_CONVERSION = YES;
				CLANG_WARN_OBJC_ROOT_CLASS = YES_ERROR;
				CLANG_WARN__DUPLICATE_METHOD_MATCH = YES;
				CODE_SIGN_IDENTITY = "iPhone Developer: Niraj Shah (R24375FYFN)";
				"CODE_SIGN_IDENTITY[sdk=iphoneos*]" = "iPhone Developer: Niraj Shah (R24375FYFN)";
				COPY_PHASE_STRIP = NO;
				ENABLE_TESTABILITY = YES;
				GCC_C_LANGUAGE_STANDARD = gnu99;
				GCC_DYNAMIC_NO_PIC = NO;
				GCC_OPTIMIZATION_LEVEL = 0;
				GCC_PREPROCESSOR_DEFINITIONS = (
					"DEBUG=1",
					"$(inherited)",
				);
				GCC_SYMBOLS_PRIVATE_EXTERN = NO;
				GCC_WARN_64_TO_32_BIT_CONVERSION = YES;
				GCC_WARN_ABOUT_RETURN_TYPE = YES_ERROR;
				GCC_WARN_UNDECLARED_SELECTOR = YES;
				GCC_WARN_UNINITIALIZED_AUTOS = YES;
				GCC_WARN_UNUSED_FUNCTION = YES;
				GCC_WARN_UNUSED_VARIABLE = YES;
				IPHONEOS_DEPLOYMENT_TARGET = 8.0;
				ONLY_ACTIVE_ARCH = YES;
				PROVISIONING_PROFILE = "ac0684e8-1111-4a70-9d69-71585fc9e6e1";
				SDKROOT = iphoneos;
			};
			name = Debug;
		};
		C9AF592D17F5678D00792F91 /* Release */ = {
			isa = XCBuildConfiguration;
			buildSettings = {
				ALWAYS_SEARCH_USER_PATHS = NO;
				CLANG_CXX_LANGUAGE_STANDARD = "gnu++0x";
				CLANG_CXX_LIBRARY = "libc++";
				CLANG_ENABLE_MODULES = YES;
				CLANG_ENABLE_OBJC_ARC = YES;
				CLANG_WARN_BOOL_CONVERSION = YES;
				CLANG_WARN_CONSTANT_CONVERSION = YES;
				CLANG_WARN_DIRECT_OBJC_ISA_USAGE = YES_ERROR;
				CLANG_WARN_EMPTY_BODY = YES;
				CLANG_WARN_ENUM_CONVERSION = YES;
				CLANG_WARN_INT_CONVERSION = YES;
				CLANG_WARN_OBJC_ROOT_CLASS = YES_ERROR;
				CLANG_WARN__DUPLICATE_METHOD_MATCH = YES;
				CODE_SIGN_IDENTITY = "iPhone Developer: Niraj Shah (R24375FYFN)";
				"CODE_SIGN_IDENTITY[sdk=iphoneos*]" = "iPhone Developer: Niraj Shah (R24375FYFN)";
				COPY_PHASE_STRIP = YES;
				ENABLE_NS_ASSERTIONS = NO;
				GCC_C_LANGUAGE_STANDARD = gnu99;
				GCC_WARN_64_TO_32_BIT_CONVERSION = YES;
				GCC_WARN_ABOUT_RETURN_TYPE = YES_ERROR;
				GCC_WARN_UNDECLARED_SELECTOR = YES;
				GCC_WARN_UNINITIALIZED_AUTOS = YES;
				GCC_WARN_UNUSED_FUNCTION = YES;
				GCC_WARN_UNUSED_VARIABLE = YES;
				IPHONEOS_DEPLOYMENT_TARGET = 8.0;
				PROVISIONING_PROFILE = "ac0684e8-1111-4a70-9d69-71585fc9e6e1";
				SDKROOT = iphoneos;
				VALIDATE_PRODUCT = YES;
			};
			name = Release;
		};
		C9AF592F17F5678D00792F91 /* Debug */ = {
			isa = XCBuildConfiguration;
			buildSettings = {
				ASSETCATALOG_COMPILER_APPICON_NAME = AppIcon;
				ASSETCATALOG_COMPILER_LAUNCHIMAGE_NAME = LaunchImage;
				CODE_SIGN_ENTITLEMENTS = "iBeacons Demo/iBeacons Demo.entitlements";
				CODE_SIGN_IDENTITY = "iPhone Developer";
				"CODE_SIGN_IDENTITY[sdk=iphoneos*]" = "iPhone Developer";
				GCC_PRECOMPILE_PREFIX_HEADER = YES;
				GCC_PREFIX_HEADER = "iBeacons Demo/iBeacons Demo-Prefix.pch";
				INFOPLIST_FILE = "iBeacons Demo/iBeacons Demo-Info.plist";
				IPHONEOS_DEPLOYMENT_TARGET = 8.0;
				PRODUCT_BUNDLE_IDENTIFIER = com.diaspark.inhouse;
				PRODUCT_NAME = "$(TARGET_NAME)";
				PROVISIONING_PROFILE = "";
				WRAPPER_EXTENSION = app;
			};
			name = Debug;
		};
		C9AF593017F5678D00792F91 /* Release */ = {
			isa = XCBuildConfiguration;
			buildSettings = {
				ASSETCATALOG_COMPILER_APPICON_NAME = AppIcon;
				ASSETCATALOG_COMPILER_LAUNCHIMAGE_NAME = LaunchImage;
				CODE_SIGN_ENTITLEMENTS = "iBeacons Demo/iBeacons Demo.entitlements";
				CODE_SIGN_IDENTITY = "iPhone Developer";
				"CODE_SIGN_IDENTITY[sdk=iphoneos*]" = "iPhone Developer";
				GCC_PRECOMPILE_PREFIX_HEADER = YES;
				GCC_PREFIX_HEADER = "iBeacons Demo/iBeacons Demo-Prefix.pch";
				INFOPLIST_FILE = "iBeacons Demo/iBeacons Demo-Info.plist";
				IPHONEOS_DEPLOYMENT_TARGET = 8.0;
				PRODUCT_BUNDLE_IDENTIFIER = com.diaspark.inhouse;
				PRODUCT_NAME = "$(TARGET_NAME)";
				PROVISIONING_PROFILE = "";
				WRAPPER_EXTENSION = app;
			};
			name = Release;
		};
/* End XCBuildConfiguration section */

/* Begin XCConfigurationList section */
		C9AF58F717F5678D00792F91 /* Build configuration list for PBXProject "iBeacons Demo" */ = {
			isa = XCConfigurationList;
			buildConfigurations = (
				C9AF592C17F5678D00792F91 /* Debug */,
				C9AF592D17F5678D00792F91 /* Release */,
			);
			defaultConfigurationIsVisible = 0;
			defaultConfigurationName = Release;
		};
		C9AF592E17F5678D00792F91 /* Build configuration list for PBXNativeTarget "iBeacons Demo" */ = {
			isa = XCConfigurationList;
			buildConfigurations = (
				C9AF592F17F5678D00792F91 /* Debug */,
				C9AF593017F5678D00792F91 /* Release */,
			);
			defaultConfigurationIsVisible = 0;
			defaultConfigurationName = Release;
		};
/* End XCConfigurationList section */
	};
	rootObject = C9AF58F417F5678D00792F91 /* Project object */;
}
